{
  "projects": [
    {
      "projectId": "seaQhLVS4bbjiGvJJrRwyL",
      "version": "15.0.3",
      "dependencies": {},
      "lang": "ts",
      "fileLocks": [
        {
          "assetId": "seaQhLVS4bbjiGvJJrRwyL",
          "type": "projectCss",
          "checksum": "dc88471beadb978e51eb3ceb75d10fdb"
        }
      ]
    },
    {
      "projectId": "8RHrKmZAcQEsZmmwUYwkrZ",
      "version": "latest",
      "dependencies": {
        "seaQhLVS4bbjiGvJJrRwyL": "15.0.3"
      },
      "lang": "ts",
      "fileLocks": [
        {
          "type": "globalVariant",
          "assetId": "8KHggsJizcRTRt",
          "checksum": "aee25cebfdb5ea8eeadc31a81fbcc0c4"
        },
        {
          "assetId": "8RHrKmZAcQEsZmmwUYwkrZ",
          "type": "projectCss",
          "checksum": "225f8f06f052b1234bbf5d8052201ca9"
        },
        {
          "type": "renderModule",
          "assetId": "NFbzZMX1BbIlx",
          "checksum": "ecc1bb8cdec14e40c694086d862a5dfc"
        },
        {
          "type": "cssRules",
          "assetId": "NFbzZMX1BbIlx",
          "checksum": "ecc1bb8cdec14e40c694086d862a5dfc"
        },
        {
          "type": "renderModule",
          "assetId": "6tk_BTLiSkfcB",
          "checksum": "e32e513aa19a6c542ff54047cf3e7a8b"
        },
        {
          "type": "cssRules",
          "assetId": "6tk_BTLiSkfcB",
          "checksum": "e32e513aa19a6c542ff54047cf3e7a8b"
        },
        {
          "type": "renderModule",
          "assetId": "ZMXBB0tH7mnlv",
          "checksum": "518baa4bd6e08c10edb75778203e5e1d"
        },
        {
          "type": "cssRules",
          "assetId": "ZMXBB0tH7mnlv",
          "checksum": "518baa4bd6e08c10edb75778203e5e1d"
        },
        {
          "type": "renderModule",
          "assetId": "UzEVK_1S1P0qR",
          "checksum": "e26a019d9e00d5bff00e7b625d8b0cc8"
        },
        {
          "type": "cssRules",
          "assetId": "UzEVK_1S1P0qR",
          "checksum": "e26a019d9e00d5bff00e7b625d8b0cc8"
        },
        {
          "type": "renderModule",
          "assetId": "CosNx7E37499C",
          "checksum": "4612f75904b01d06dd249826022f90b7"
        },
        {
          "type": "cssRules",
          "assetId": "CosNx7E37499C",
          "checksum": "4612f75904b01d06dd249826022f90b7"
        },
        {
          "type": "renderModule",
          "assetId": "99Tw9_1M990_v",
          "checksum": "6a2b4caa78219afb6eff52d4f8b19e07"
        },
        {
          "type": "cssRules",
          "assetId": "99Tw9_1M990_v",
          "checksum": "6a2b4caa78219afb6eff52d4f8b19e07"
        },
        {
          "type": "renderModule",
          "assetId": "uHgAdlhFQ8iXe",
          "checksum": "890140f23b8f8789d5532fd0a65d00e1"
        },
        {
          "type": "cssRules",
          "assetId": "uHgAdlhFQ8iXe",
          "checksum": "890140f23b8f8789d5532fd0a65d00e1"
        },
        {
          "type": "renderModule",
          "assetId": "uQmNxq2VQM9Ec",
          "checksum": "d0504ee784b73d38b511c2ff037525be"
        },
        {
          "type": "cssRules",
          "assetId": "uQmNxq2VQM9Ec",
          "checksum": "d0504ee784b73d38b511c2ff037525be"
        },
        {
          "type": "renderModule",
          "assetId": "U_ioismO-uZGI",
          "checksum": "afccc197372738d4d0dd9599edad7d22"
        },
        {
          "type": "cssRules",
          "assetId": "U_ioismO-uZGI",
          "checksum": "afccc197372738d4d0dd9599edad7d22"
        },
        {
          "type": "renderModule",
          "assetId": "9s2bO_mmPJm4t_",
          "checksum": "7e3ff4912f816e68e8e91f4882bffddf"
        },
        {
          "type": "cssRules",
          "assetId": "9s2bO_mmPJm4t_",
          "checksum": "7e3ff4912f816e68e8e91f4882bffddf"
        },
        {
          "type": "renderModule",
          "assetId": "0GqAoJN5u3Tl_e",
          "checksum": "46ad49e09cc9b118d5a9bb86747d9d64"
        },
        {
          "type": "cssRules",
          "assetId": "0GqAoJN5u3Tl_e",
          "checksum": "46ad49e09cc9b118d5a9bb86747d9d64"
        },
        {
          "type": "renderModule",
          "assetId": "ua-QvFXsMS35OX",
          "checksum": "c3f4f08459891ae8d87e11bd7e736b94"
        },
        {
          "type": "cssRules",
          "assetId": "ua-QvFXsMS35OX",
          "checksum": "c3f4f08459891ae8d87e11bd7e736b94"
        },
        {
          "type": "renderModule",
          "assetId": "9eTPZMei5FNXCe",
          "checksum": "6647fda995e65f6904563bf32a9cbe69"
        },
        {
          "type": "cssRules",
          "assetId": "9eTPZMei5FNXCe",
          "checksum": "6647fda995e65f6904563bf32a9cbe69"
        },
        {
          "type": "renderModule",
          "assetId": "YtAlH_NQ_FQ3m7",
          "checksum": "8f554c7a7c939977a8907c06e8916afa"
        },
        {
          "type": "cssRules",
          "assetId": "YtAlH_NQ_FQ3m7",
          "checksum": "8f554c7a7c939977a8907c06e8916afa"
        },
        {
          "type": "renderModule",
          "assetId": "91KMjh-giviLX0",
          "checksum": "46add22af70fe5318bc4d507c2bb6d0c"
        },
        {
          "type": "cssRules",
          "assetId": "91KMjh-giviLX0",
          "checksum": "46add22af70fe5318bc4d507c2bb6d0c"
        },
        {
          "type": "renderModule",
          "assetId": "JG8onQoTOJDIZe",
          "checksum": "ffad9c94e56cf97044912445df80445f"
        },
        {
          "type": "cssRules",
          "assetId": "JG8onQoTOJDIZe",
          "checksum": "ffad9c94e56cf97044912445df80445f"
        },
        {
          "type": "renderModule",
          "assetId": "uW2yPV60vTwxyJ",
          "checksum": "8f687ee93816756b49b858c744329098"
        },
        {
          "type": "cssRules",
          "assetId": "uW2yPV60vTwxyJ",
          "checksum": "8f687ee93816756b49b858c744329098"
        },
        {
          "type": "icon",
          "assetId": "SZIUlvqmi29MKJ",
          "checksum": "78e9b65aaa81b9b03269ecf297e43f7d"
        },
        {
          "type": "icon",
          "assetId": "EMJZaNjPomC3qR",
          "checksum": "fd40669d292cf0bcca4f2c3e6cb9e5cc"
        },
        {
          "type": "icon",
          "assetId": "N6xAX58Jkh1nQg",
          "checksum": "0dc526a1c976e9f1a725e280302b9d24"
        },
        {
          "type": "icon",
          "assetId": "SHqqiMAsecbAeb",
          "checksum": "9ae14a3ab8472352ead45aeef88271ef"
        },
        {
          "type": "icon",
          "assetId": "0ss4WcNRMQelJJ",
          "checksum": "aafae62f39704733ceb9f3802bfc4490"
        },
        {
          "type": "icon",
          "assetId": "6BSOEN7CVN3jkS",
          "checksum": "7ecc8c50b1affce28b18469daef44716"
        },
        {
          "type": "icon",
          "assetId": "iobzMLC2U825wc",
          "checksum": "6fc3b13d71db9cd5afc7847932464cd1"
        },
        {
          "type": "icon",
          "assetId": "SWdaFLWAitL3Rc",
          "checksum": "4e4c986784f8e7bfca0ab5238d534a05"
        },
        {
          "type": "icon",
          "assetId": "KdUzo6ODGmM8h-",
          "checksum": "94bd4c31e07004c07cbd2b5a1d8d8eaf"
        },
        {
          "type": "icon",
          "assetId": "ha_ePJi60T1BzL",
          "checksum": "b2cac45e0bd88026ea2783441b0d7b64"
        },
        {
          "type": "icon",
          "assetId": "XZ-HhHRG_2sw06",
          "checksum": "b6ac29bbbf341e911b56c7719d5f70cc"
        },
        {
          "type": "icon",
          "assetId": "uIo3144PO4AIqq",
          "checksum": "3a3a6609c06d955ee0cad64bbbb64ae2"
        },
        {
          "type": "icon",
          "assetId": "XTX3idzP06ovzt",
          "checksum": "b4f7e355f66fd1e306ec43f64e0833c7"
        },
        {
          "type": "icon",
          "assetId": "8rfU8xasj2K0vi",
          "checksum": "b48408af824f85aaf2754323e43fcd41"
        },
        {
          "type": "icon",
          "assetId": "wprg9CYCL0MHS5",
          "checksum": "71ddeeb63290f36eec5656219c3c4356"
        },
        {
          "type": "icon",
          "assetId": "ICmSO_obMpc2Tg",
          "checksum": "f00c1ef5cc12c594e59dd6a31c8fca90"
        },
        {
          "type": "icon",
          "assetId": "4d4T0I8Wbe18c8",
          "checksum": "38d128cfce21a339da50484ae436820d"
        },
        {
          "type": "icon",
          "assetId": "-4kfy8qjQxJJuo",
          "checksum": "40399568ed9b8c6fe93a45cac0b7aabc"
        },
        {
          "type": "icon",
          "assetId": "4_nIlnZ8Xan-_m",
          "checksum": "97923182f47f219473f58e9983593178"
        },
        {
          "type": "image",
          "assetId": "ia8Yr4zUfhxfUG",
          "checksum": "56c2e34188df7a4381a488a264566f9d"
        },
        {
          "type": "image",
          "assetId": "RJm5-aYBk0SlGD",
          "checksum": "3d4d832246f7b0f0e93bf4c2937e4f46"
        },
        {
          "type": "image",
          "assetId": "Yu5s2Oa5rBx_S8",
          "checksum": "8ba6d7e5d1ecb4c281188ba2c2765d28"
        },
        {
          "type": "image",
          "assetId": "H5PQMt4WTCwuIW",
          "checksum": "827b4c3473970865480f2a5e21f18dc8"
        }
      ]
    }
  ],
  "cliVersion": "0.1.136"
}
